
Microsoft Visual Studio Solution File, Format Version 12.00
# Visual Studio Version 16
VisualStudioVersion = 16.0.29728.190
MinimumVisualStudioVersion = 10.0.40219.1
Project("{9A19103F-16F7-4668-BE54-9A1E7A4F7556}") = "ClebschGordanCoefficients", "ClebschGordanCoefficients\ClebschGordanCoefficients.csproj", "{1800BB85-D4E3-4A2E-94BE-EB7BC1CFEDBC}"
EndProject
Project("{FAE04EC0-301F-11D3-BF4B-00C04F79EFBC}") = "ClebschGordanCoefficientsTest", "ClebschGordanCoefficientsTest\ClebschGordanCoefficientsTest.csproj", "{75F0DE23-B8EC-44B8-AB09-F40C00FB20BB}"
EndProject
Global
	GlobalSection(SolutionConfigurationPlatforms) = preSolution
		Debug|Any CPU = Debug|Any CPU
		Release|Any CPU = Release|Any CPU
	EndGlobalSection
	GlobalSection(ProjectConfigurationPlatforms) = postSolution
		{1800BB85-D4E3-4A2E-94BE-EB7BC1CFEDBC}.Debug|Any CPU.ActiveCfg = Debug|Any CPU
		{1800BB85-D4E3-4A2E-94BE-EB7BC1CFEDBC}.Debug|Any CPU.Build.0 = Debug|Any CPU
		{1800BB85-D4E3-4A2E-94BE-EB7BC1CFEDBC}.Release|Any CPU.ActiveCfg = Release|Any CPU
		{1800BB85-D4E3-4A2E-94BE-EB7BC1CFEDBC}.Release|Any CPU.Build.0 = Release|Any CPU
		{75F0DE23-B8EC-44B8-AB09-F40C00FB20BB}.Debug|Any CPU.ActiveCfg = Debug|Any CPU
		{75F0DE23-B8EC-44B8-AB09-F40C00FB20BB}.Debug|Any CPU.Build.0 = Debug|Any CPU
		{75F0DE23-B8EC-44B8-AB09-F40C00FB20BB}.Release|Any CPU.ActiveCfg = Release|Any CPU
		{75F0DE23-B8EC-44B8-AB09-F40C00FB20BB}.Release|Any CPU.Build.0 = Release|Any CPU
	EndGlobalSection
	GlobalSection(SolutionProperties) = preSolution
		HideSolutionNode = FALSE
	EndGlobalSection
	GlobalSection(ExtensibilityGlobals) = postSolution
		SolutionGuid = {B5A7A448-D3AD-4C92-A052-EC5BD14B5471}
	EndGlobalSection
EndGlobal
